
Microsoft Visual Studio Solution File, Format Version 11.00
# Visual Studio 2010
Project("{8BC9CEB8-8B4A-11D0-8D11-00A0C91BC942}") = "3d", "3d.vcxproj", "{E1F5FC58-C1F4-4B32-A0E5-9EEF30FCB569}"
EndProject
Project("{8BC9CEB8-8B4A-11D0-8D11-00A0C91BC942}") = "3d_multi", "3d_multi.vcxproj", "{F71E3AB4-F797-4240-B226-1E0A5AA6032B}"
EndProject
Project("{8BC9CEB8-8B4A-11D0-8D11-00A0C91BC942}") = "event_parameter", "event_parameter.vcxproj", "{79EE58DD-48A0-48FD-B882-EAF875C0DF98}"
EndProject
Project("{8BC9CEB8-8B4A-11D0-8D11-00A0C91BC942}") = "load_banks", "load_banks.vcxproj", "{2D531C25-36C1-4397-B8D8-0F2B9562E513}"
EndProject
Project("{8BC9CEB8-8B4A-11D0-8D11-00A0C91BC942}") = "music_callbacks", "music_callbacks.vcxproj", "{15CCD022-A6E4-49A8-A283-95A74B9E371F}"
EndProject
Project("{8BC9CEB8-8B4A-11D0-8D11-00A0C91BC942}") = "objectpan", "objectpan.vcxproj", "{43DD6209-F006-40E4-804E-E6D019945B5E}"
EndProject
Project("{8BC9CEB8-8B4A-11D0-8D11-00A0C91BC942}") = "programmer_sound", "programmer_sound.vcxproj", "{31B70E2D-5C49-4154-A19D-C41F269C0362}"
EndProject
Project("{8BC9CEB8-8B4A-11D0-8D11-00A0C91BC942}") = "recording_playback", "recording_playback.vcxproj", "{9F4481C9-F647-4976-9FC4-7D1C4B85D8F1}"
EndProject
Project("{8BC9CEB8-8B4A-11D0-8D11-00A0C91BC942}") = "simple_event", "simple_event.vcxproj", "{2633F7BA-3CBE-456D-AF71-90FFDC1A20BC}"
EndProject
Global
	GlobalSection(SolutionConfigurationPlatforms) = preSolution
		Debug|Win32 = Debug|Win32
		Debug|x64 = Debug|x64
		Release|Win32 = Release|Win32
		Release|x64 = Release|x64
	EndGlobalSection
	GlobalSection(ProjectConfigurationPlatforms) = postSolution
		{E1F5FC58-C1F4-4B32-A0E5-9EEF30FCB569}.Debug|Win32.ActiveCfg = Debug|Win32
		{E1F5FC58-C1F4-4B32-A0E5-9EEF30FCB569}.Debug|Win32.Build.0 = Debug|Win32
		{E1F5FC58-C1F4-4B32-A0E5-9EEF30FCB569}.Debug|Win32.Deploy.0 = Debug|Win32
		{E1F5FC58-C1F4-4B32-A0E5-9EEF30FCB569}.Debug|x64.ActiveCfg = Debug|x64
		{E1F5FC58-C1F4-4B32-A0E5-9EEF30FCB569}.Debug|x64.Build.0 = Debug|x64
		{E1F5FC58-C1F4-4B32-A0E5-9EEF30FCB569}.Debug|x64.Deploy.0 = Debug|x64
		{E1F5FC58-C1F4-4B32-A0E5-9EEF30FCB569}.Release|Win32.ActiveCfg = Release|Win32
		{E1F5FC58-C1F4-4B32-A0E5-9EEF30FCB569}.Release|Win32.Build.0 = Release|Win32
		{E1F5FC58-C1F4-4B32-A0E5-9EEF30FCB569}.Release|Win32.Deploy.0 = Release|Win32
		{E1F5FC58-C1F4-4B32-A0E5-9EEF30FCB569}.Release|x64.ActiveCfg = Release|x64
		{E1F5FC58-C1F4-4B32-A0E5-9EEF30FCB569}.Release|x64.Build.0 = Release|x64
		{E1F5FC58-C1F4-4B32-A0E5-9EEF30FCB569}.Release|x64.Deploy.0 = Release|x64
		{F71E3AB4-F797-4240-B226-1E0A5AA6032B}.Debug|Win32.ActiveCfg = Debug|Win32
		{F71E3AB4-F797-4240-B226-1E0A5AA6032B}.Debug|Win32.Build.0 = Debug|Win32
		{F71E3AB4-F797-4240-B226-1E0A5AA6032B}.Debug|Win32.Deploy.0 = Debug|Win32
		{F71E3AB4-F797-4240-B226-1E0A5AA6032B}.Debug|x64.ActiveCfg = Debug|x64
		{F71E3AB4-F797-4240-B226-1E0A5AA6032B}.Debug|x64.Build.0 = Debug|x64
		{F71E3AB4-F797-4240-B226-1E0A5AA6032B}.Debug|x64.Deploy.0 = Debug|x64
		{F71E3AB4-F797-4240-B226-1E0A5AA6032B}.Release|Win32.ActiveCfg = Release|Win32
		{F71E3AB4-F797-4240-B226-1E0A5AA6032B}.Release|Win32.Build.0 = Release|Win32
		{F71E3AB4-F797-4240-B226-1E0A5AA6032B}.Release|Win32.Deploy.0 = Release|Win32
		{F71E3AB4-F797-4240-B226-1E0A5AA6032B}.Release|x64.ActiveCfg = Release|x64
		{F71E3AB4-F797-4240-B226-1E0A5AA6032B}.Release|x64.Build.0 = Release|x64
		{F71E3AB4-F797-4240-B226-1E0A5AA6032B}.Release|x64.Deploy.0 = Release|x64
		{79EE58DD-48A0-48FD-B882-EAF875C0DF98}.Debug|Win32.ActiveCfg = Debug|Win32
		{79EE58DD-48A0-48FD-B882-EAF875C0DF98}.Debug|Win32.Build.0 = Debug|Win32
		{79EE58DD-48A0-48FD-B882-EAF875C0DF98}.Debug|Win32.Deploy.0 = Debug|Win32
		{79EE58DD-48A0-48FD-B882-EAF875C0DF98}.Debug|x64.ActiveCfg = Debug|x64
		{79EE58DD-48A0-48FD-B882-EAF875C0DF98}.Debug|x64.Build.0 = Debug|x64
		{79EE58DD-48A0-48FD-B882-EAF875C0DF98}.Debug|x64.Deploy.0 = Debug|x64
		{79EE58DD-48A0-48FD-B882-EAF875C0DF98}.Release|Win32.ActiveCfg = Release|Win32
		{79EE58DD-48A0-48FD-B882-EAF875C0DF98}.Release|Win32.Build.0 = Release|Win32
		{79EE58DD-48A0-48FD-B882-EAF875C0DF98}.Release|Win32.Deploy.0 = Release|Win32
		{79EE58DD-48A0-48FD-B882-EAF875C0DF98}.Release|x64.ActiveCfg = Release|x64
		{79EE58DD-48A0-48FD-B882-EAF875C0DF98}.Release|x64.Build.0 = Release|x64
		{79EE58DD-48A0-48FD-B882-EAF875C0DF98}.Release|x64.Deploy.0 = Release|x64
		{2D531C25-36C1-4397-B8D8-0F2B9562E513}.Debug|Win32.ActiveCfg = Debug|Win32
		{2D531C25-36C1-4397-B8D8-0F2B9562E513}.Debug|Win32.Build.0 = Debug|Win32
		{2D531C25-36C1-4397-B8D8-0F2B9562E513}.Debug|Win32.Deploy.0 = Debug|Win32
		{2D531C25-36C1-4397-B8D8-0F2B9562E513}.Debug|x64.ActiveCfg = Debug|x64
		{2D531C25-36C1-4397-B8D8-0F2B9562E513}.Debug|x64.Build.0 = Debug|x64
		{2D531C25-36C1-4397-B8D8-0F2B9562E513}.Debug|x64.Deploy.0 = Debug|x64
		{2D531C25-36C1-4397-B8D8-0F2B9562E513}.Release|Win32.ActiveCfg = Release|Win32
		{2D531C25-36C1-4397-B8D8-0F2B9562E513}.Release|Win32.Build.0 = Release|Win32
		{2D531C25-36C1-4397-B8D8-0F2B9562E513}.Release|Win32.Deploy.0 = Release|Win32
		{2D531C25-36C1-4397-B8D8-0F2B9562E513}.Release|x64.ActiveCfg = Release|x64
		{2D531C25-36C1-4397-B8D8-0F2B9562E513}.Release|x64.Build.0 = Release|x64
		{2D531C25-36C1-4397-B8D8-0F2B9562E513}.Release|x64.Deploy.0 = Release|x64
		{15CCD022-A6E4-49A8-A283-95A74B9E371F}.Debug|Win32.ActiveCfg = Debug|Win32
		{15CCD022-A6E4-49A8-A283-95A74B9E371F}.Debug|Win32.Build.0 = Debug|Win32
		{15CCD022-A6E4-49A8-A283-95A74B9E371F}.Debug|Win32.Deploy.0 = Debug|Win32
		{15CCD022-A6E4-49A8-A283-95A74B9E371F}.Debug|x64.ActiveCfg = Debug|x64
		{15CCD022-A6E4-49A8-A283-95A74B9E371F}.Debug|x64.Build.0 = Debug|x64
		{15CCD022-A6E4-49A8-A283-95A74B9E371F}.Debug|x64.Deploy.0 = Debug|x64
		{15CCD022-A6E4-49A8-A283-95A74B9E371F}.Release|Win32.ActiveCfg = Release|Win32
		{15CCD022-A6E4-49A8-A283-95A74B9E371F}.Release|Win32.Build.0 = Release|Win32
		{15CCD022-A6E4-49A8-A283-95A74B9E371F}.Release|Win32.Deploy.0 = Release|Win32
		{15CCD022-A6E4-49A8-A283-95A74B9E371F}.Release|x64.ActiveCfg = Release|x64
		{15CCD022-A6E4-49A8-A283-95A74B9E371F}.Release|x64.Build.0 = Release|x64
		{15CCD022-A6E4-49A8-A283-95A74B9E371F}.Release|x64.Deploy.0 = Release|x64
		{43DD6209-F006-40E4-804E-E6D019945B5E}.Debug|Win32.ActiveCfg = Debug|Win32
		{43DD6209-F006-40E4-804E-E6D019945B5E}.Debug|Win32.Build.0 = Debug|Win32
		{43DD6209-F006-40E4-804E-E6D019945B5E}.Debug|Win32.Deploy.0 = Debug|Win32
		{43DD6209-F006-40E4-804E-E6D019945B5E}.Debug|x64.ActiveCfg = Debug|x64
		{43DD6209-F006-40E4-804E-E6D019945B5E}.Debug|x64.Build.0 = Debug|x64
		{43DD6209-F006-40E4-804E-E6D019945B5E}.Debug|x64.Deploy.0 = Debug|x64
		{43DD6209-F006-40E4-804E-E6D019945B5E}.Release|Win32.ActiveCfg = Release|Win32
		{43DD6209-F006-40E4-804E-E6D019945B5E}.Release|Win32.Build.0 = Release|Win32
		{43DD6209-F006-40E4-804E-E6D019945B5E}.Release|Win32.Deploy.0 = Release|Win32
		{43DD6209-F006-40E4-804E-E6D019945B5E}.Release|x64.ActiveCfg = Release|x64
		{43DD6209-F006-40E4-804E-E6D019945B5E}.Release|x64.Build.0 = Release|x64
		{43DD6209-F006-40E4-804E-E6D019945B5E}.Release|x64.Deploy.0 = Release|x64
		{31B70E2D-5C49-4154-A19D-C41F269C0362}.Debug|Win32.ActiveCfg = Debug|Win32
		{31B70E2D-5C49-4154-A19D-C41F269C0362}.Debug|Win32.Build.0 = Debug|Win32
		{31B70E2D-5C49-4154-A19D-C41F269C0362}.Debug|Win32.Deploy.0 = Debug|Win32
		{31B70E2D-5C49-4154-A19D-C41F269C0362}.Debug|x64.ActiveCfg = Debug|x64
		{31B70E2D-5C49-4154-A19D-C41F269C0362}.Debug|x64.Build.0 = Debug|x64
		{31B70E2D-5C49-4154-A19D-C41F269C0362}.Debug|x64.Deploy.0 = Debug|x64
		{31B70E2D-5C49-4154-A19D-C41F269C0362}.Release|Win32.ActiveCfg = Release|Win32
		{31B70E2D-5C49-4154-A19D-C41F269C0362}.Release|Win32.Build.0 = Release|Win32
		{31B70E2D-5C49-4154-A19D-C41F269C0362}.Release|Win32.Deploy.0 = Release|Win32
		{31B70E2D-5C49-4154-A19D-C41F269C0362}.Release|x64.ActiveCfg = Release|x64
		{31B70E2D-5C49-4154-A19D-C41F269C0362}.Release|x64.Build.0 = Release|x64
		{31B70E2D-5C49-4154-A19D-C41F269C0362}.Release|x64.Deploy.0 = Release|x64
		{9F4481C9-F647-4976-9FC4-7D1C4B85D8F1}.Debug|Win32.ActiveCfg = Debug|Win32
		{9F4481C9-F647-4976-9FC4-7D1C4B85D8F1}.Debug|Win32.Build.0 = Debug|Win32
		{9F4481C9-F647-4976-9FC4-7D1C4B85D8F1}.Debug|Win32.Deploy.0 = Debug|Win32
		{9F4481C9-F647-4976-9FC4-7D1C4B85D8F1}.Debug|x64.ActiveCfg = Debug|x64
		{9F4481C9-F647-4976-9FC4-7D1C4B85D8F1}.Debug|x64.Build.0 = Debug|x64
		{9F4481C9-F647-4976-9FC4-7D1C4B85D8F1}.Debug|x64.Deploy.0 = Debug|x64
		{9F4481C9-F647-4976-9FC4-7D1C4B85D8F1}.Release|Win32.ActiveCfg = Release|Win32
		{9F4481C9-F647-4976-9FC4-7D1C4B85D8F1}.Release|Win32.Build.0 = Release|Win32
		{9F4481C9-F647-4976-9FC4-7D1C4B85D8F1}.Release|Win32.Deploy.0 = Release|Win32
		{9F4481C9-F647-4976-9FC4-7D1C4B85D8F1}.Release|x64.ActiveCfg = Release|x64
		{9F4481C9-F647-4976-9FC4-7D1C4B85D8F1}.Release|x64.Build.0 = Release|x64
		{9F4481C9-F647-4976-9FC4-7D1C4B85D8F1}.Release|x64.Deploy.0 = Release|x64
		{2633F7BA-3CBE-456D-AF71-90FFDC1A20BC}.Debug|Win32.ActiveCfg = Debug|Win32
		{2633F7BA-3CBE-456D-AF71-90FFDC1A20BC}.Debug|Win32.Build.0 = Debug|Win32
		{2633F7BA-3CBE-456D-AF71-90FFDC1A20BC}.Debug|Win32.Deploy.0 = Debug|Win32
		{2633F7BA-3CBE-456D-AF71-90FFDC1A20BC}.Debug|x64.ActiveCfg = Debug|x64
		{2633F7BA-3CBE-456D-AF71-90FFDC1A20BC}.Debug|x64.Build.0 = Debug|x64
		{2633F7BA-3CBE-456D-AF71-90FFDC1A20BC}.Debug|x64.Deploy.0 = Debug|x64
		{2633F7BA-3CBE-456D-AF71-90FFDC1A20BC}.Release|Win32.ActiveCfg = Release|Win32
		{2633F7BA-3CBE-456D-AF71-90FFDC1A20BC}.Release|Win32.Build.0 = Release|Win32
		{2633F7BA-3CBE-456D-AF71-90FFDC1A20BC}.Release|Win32.Deploy.0 = Release|Win32
		{2633F7BA-3CBE-456D-AF71-90FFDC1A20BC}.Release|x64.ActiveCfg = Release|x64
		{2633F7BA-3CBE-456D-AF71-90FFDC1A20BC}.Release|x64.Build.0 = Release|x64
		{2633F7BA-3CBE-456D-AF71-90FFDC1A20BC}.Release|x64.Deploy.0 = Release|x64
	EndGlobalSection
	GlobalSection(SolutionProperties) = preSolution
		HideSolutionNode = FALSE
	EndGlobalSection
EndGlobal
