
Microsoft Visual Studio Solution File, Format Version 11.00
# Visual Studio 2012
Project("{8BC9CEB8-8B4A-11D0-8D11-00A0C91BC942}") = "3d", "3d.vcxproj", "{B20F84E3-7E2D-4F66-B1F0-7BE92071A257}"
EndProject
Project("{8BC9CEB8-8B4A-11D0-8D11-00A0C91BC942}") = "3d_multi", "3d_multi.vcxproj", "{A5098CCE-AA62-4DC3-869F-178679B22224}"
EndProject
Project("{8BC9CEB8-8B4A-11D0-8D11-00A0C91BC942}") = "event_parameter", "event_parameter.vcxproj", "{85EE9F91-6713-47B8-A2FC-C02564C846DF}"
EndProject
Project("{8BC9CEB8-8B4A-11D0-8D11-00A0C91BC942}") = "load_banks", "load_banks.vcxproj", "{E0D37C66-C8FB-4D2B-826A-6D446CC55C48}"
EndProject
Project("{8BC9CEB8-8B4A-11D0-8D11-00A0C91BC942}") = "music_callbacks", "music_callbacks.vcxproj", "{0C16BBB6-AEC0-4AC7-868C-523F39977748}"
EndProject
Project("{8BC9CEB8-8B4A-11D0-8D11-00A0C91BC942}") = "objectpan", "objectpan.vcxproj", "{91CE904C-811D-46D5-8270-7F3A033119A1}"
EndProject
Project("{8BC9CEB8-8B4A-11D0-8D11-00A0C91BC942}") = "programmer_sound", "programmer_sound.vcxproj", "{DE296068-6966-4508-9E70-9D446CE2A94B}"
EndProject
Project("{8BC9CEB8-8B4A-11D0-8D11-00A0C91BC942}") = "recording_playback", "recording_playback.vcxproj", "{42AEEE1A-DCA5-4947-B644-A4023630FC38}"
EndProject
Project("{8BC9CEB8-8B4A-11D0-8D11-00A0C91BC942}") = "simple_event", "simple_event.vcxproj", "{8CD19068-BAD2-42AF-9305-ED4C6D1575DB}"
EndProject
Global
	GlobalSection(SolutionConfigurationPlatforms) = preSolution
		Debug|Win32 = Debug|Win32
		Debug|x64 = Debug|x64
		Release|Win32 = Release|Win32
		Release|x64 = Release|x64
	EndGlobalSection
	GlobalSection(ProjectConfigurationPlatforms) = postSolution
		{B20F84E3-7E2D-4F66-B1F0-7BE92071A257}.Debug|Win32.ActiveCfg = Debug|Win32
		{B20F84E3-7E2D-4F66-B1F0-7BE92071A257}.Debug|Win32.Build.0 = Debug|Win32
		{B20F84E3-7E2D-4F66-B1F0-7BE92071A257}.Debug|Win32.Deploy.0 = Debug|Win32
		{B20F84E3-7E2D-4F66-B1F0-7BE92071A257}.Debug|x64.ActiveCfg = Debug|x64
		{B20F84E3-7E2D-4F66-B1F0-7BE92071A257}.Debug|x64.Build.0 = Debug|x64
		{B20F84E3-7E2D-4F66-B1F0-7BE92071A257}.Debug|x64.Deploy.0 = Debug|x64
		{B20F84E3-7E2D-4F66-B1F0-7BE92071A257}.Release|Win32.ActiveCfg = Release|Win32
		{B20F84E3-7E2D-4F66-B1F0-7BE92071A257}.Release|Win32.Build.0 = Release|Win32
		{B20F84E3-7E2D-4F66-B1F0-7BE92071A257}.Release|Win32.Deploy.0 = Release|Win32
		{B20F84E3-7E2D-4F66-B1F0-7BE92071A257}.Release|x64.ActiveCfg = Release|x64
		{B20F84E3-7E2D-4F66-B1F0-7BE92071A257}.Release|x64.Build.0 = Release|x64
		{B20F84E3-7E2D-4F66-B1F0-7BE92071A257}.Release|x64.Deploy.0 = Release|x64
		{A5098CCE-AA62-4DC3-869F-178679B22224}.Debug|Win32.ActiveCfg = Debug|Win32
		{A5098CCE-AA62-4DC3-869F-178679B22224}.Debug|Win32.Build.0 = Debug|Win32
		{A5098CCE-AA62-4DC3-869F-178679B22224}.Debug|Win32.Deploy.0 = Debug|Win32
		{A5098CCE-AA62-4DC3-869F-178679B22224}.Debug|x64.ActiveCfg = Debug|x64
		{A5098CCE-AA62-4DC3-869F-178679B22224}.Debug|x64.Build.0 = Debug|x64
		{A5098CCE-AA62-4DC3-869F-178679B22224}.Debug|x64.Deploy.0 = Debug|x64
		{A5098CCE-AA62-4DC3-869F-178679B22224}.Release|Win32.ActiveCfg = Release|Win32
		{A5098CCE-AA62-4DC3-869F-178679B22224}.Release|Win32.Build.0 = Release|Win32
		{A5098CCE-AA62-4DC3-869F-178679B22224}.Release|Win32.Deploy.0 = Release|Win32
		{A5098CCE-AA62-4DC3-869F-178679B22224}.Release|x64.ActiveCfg = Release|x64
		{A5098CCE-AA62-4DC3-869F-178679B22224}.Release|x64.Build.0 = Release|x64
		{A5098CCE-AA62-4DC3-869F-178679B22224}.Release|x64.Deploy.0 = Release|x64
		{85EE9F91-6713-47B8-A2FC-C02564C846DF}.Debug|Win32.ActiveCfg = Debug|Win32
		{85EE9F91-6713-47B8-A2FC-C02564C846DF}.Debug|Win32.Build.0 = Debug|Win32
		{85EE9F91-6713-47B8-A2FC-C02564C846DF}.Debug|Win32.Deploy.0 = Debug|Win32
		{85EE9F91-6713-47B8-A2FC-C02564C846DF}.Debug|x64.ActiveCfg = Debug|x64
		{85EE9F91-6713-47B8-A2FC-C02564C846DF}.Debug|x64.Build.0 = Debug|x64
		{85EE9F91-6713-47B8-A2FC-C02564C846DF}.Debug|x64.Deploy.0 = Debug|x64
		{85EE9F91-6713-47B8-A2FC-C02564C846DF}.Release|Win32.ActiveCfg = Release|Win32
		{85EE9F91-6713-47B8-A2FC-C02564C846DF}.Release|Win32.Build.0 = Release|Win32
		{85EE9F91-6713-47B8-A2FC-C02564C846DF}.Release|Win32.Deploy.0 = Release|Win32
		{85EE9F91-6713-47B8-A2FC-C02564C846DF}.Release|x64.ActiveCfg = Release|x64
		{85EE9F91-6713-47B8-A2FC-C02564C846DF}.Release|x64.Build.0 = Release|x64
		{85EE9F91-6713-47B8-A2FC-C02564C846DF}.Release|x64.Deploy.0 = Release|x64
		{E0D37C66-C8FB-4D2B-826A-6D446CC55C48}.Debug|Win32.ActiveCfg = Debug|Win32
		{E0D37C66-C8FB-4D2B-826A-6D446CC55C48}.Debug|Win32.Build.0 = Debug|Win32
		{E0D37C66-C8FB-4D2B-826A-6D446CC55C48}.Debug|Win32.Deploy.0 = Debug|Win32
		{E0D37C66-C8FB-4D2B-826A-6D446CC55C48}.Debug|x64.ActiveCfg = Debug|x64
		{E0D37C66-C8FB-4D2B-826A-6D446CC55C48}.Debug|x64.Build.0 = Debug|x64
		{E0D37C66-C8FB-4D2B-826A-6D446CC55C48}.Debug|x64.Deploy.0 = Debug|x64
		{E0D37C66-C8FB-4D2B-826A-6D446CC55C48}.Release|Win32.ActiveCfg = Release|Win32
		{E0D37C66-C8FB-4D2B-826A-6D446CC55C48}.Release|Win32.Build.0 = Release|Win32
		{E0D37C66-C8FB-4D2B-826A-6D446CC55C48}.Release|Win32.Deploy.0 = Release|Win32
		{E0D37C66-C8FB-4D2B-826A-6D446CC55C48}.Release|x64.ActiveCfg = Release|x64
		{E0D37C66-C8FB-4D2B-826A-6D446CC55C48}.Release|x64.Build.0 = Release|x64
		{E0D37C66-C8FB-4D2B-826A-6D446CC55C48}.Release|x64.Deploy.0 = Release|x64
		{0C16BBB6-AEC0-4AC7-868C-523F39977748}.Debug|Win32.ActiveCfg = Debug|Win32
		{0C16BBB6-AEC0-4AC7-868C-523F39977748}.Debug|Win32.Build.0 = Debug|Win32
		{0C16BBB6-AEC0-4AC7-868C-523F39977748}.Debug|Win32.Deploy.0 = Debug|Win32
		{0C16BBB6-AEC0-4AC7-868C-523F39977748}.Debug|x64.ActiveCfg = Debug|x64
		{0C16BBB6-AEC0-4AC7-868C-523F39977748}.Debug|x64.Build.0 = Debug|x64
		{0C16BBB6-AEC0-4AC7-868C-523F39977748}.Debug|x64.Deploy.0 = Debug|x64
		{0C16BBB6-AEC0-4AC7-868C-523F39977748}.Release|Win32.ActiveCfg = Release|Win32
		{0C16BBB6-AEC0-4AC7-868C-523F39977748}.Release|Win32.Build.0 = Release|Win32
		{0C16BBB6-AEC0-4AC7-868C-523F39977748}.Release|Win32.Deploy.0 = Release|Win32
		{0C16BBB6-AEC0-4AC7-868C-523F39977748}.Release|x64.ActiveCfg = Release|x64
		{0C16BBB6-AEC0-4AC7-868C-523F39977748}.Release|x64.Build.0 = Release|x64
		{0C16BBB6-AEC0-4AC7-868C-523F39977748}.Release|x64.Deploy.0 = Release|x64
		{91CE904C-811D-46D5-8270-7F3A033119A1}.Debug|Win32.ActiveCfg = Debug|Win32
		{91CE904C-811D-46D5-8270-7F3A033119A1}.Debug|Win32.Build.0 = Debug|Win32
		{91CE904C-811D-46D5-8270-7F3A033119A1}.Debug|Win32.Deploy.0 = Debug|Win32
		{91CE904C-811D-46D5-8270-7F3A033119A1}.Debug|x64.ActiveCfg = Debug|x64
		{91CE904C-811D-46D5-8270-7F3A033119A1}.Debug|x64.Build.0 = Debug|x64
		{91CE904C-811D-46D5-8270-7F3A033119A1}.Debug|x64.Deploy.0 = Debug|x64
		{91CE904C-811D-46D5-8270-7F3A033119A1}.Release|Win32.ActiveCfg = Release|Win32
		{91CE904C-811D-46D5-8270-7F3A033119A1}.Release|Win32.Build.0 = Release|Win32
		{91CE904C-811D-46D5-8270-7F3A033119A1}.Release|Win32.Deploy.0 = Release|Win32
		{91CE904C-811D-46D5-8270-7F3A033119A1}.Release|x64.ActiveCfg = Release|x64
		{91CE904C-811D-46D5-8270-7F3A033119A1}.Release|x64.Build.0 = Release|x64
		{91CE904C-811D-46D5-8270-7F3A033119A1}.Release|x64.Deploy.0 = Release|x64
		{DE296068-6966-4508-9E70-9D446CE2A94B}.Debug|Win32.ActiveCfg = Debug|Win32
		{DE296068-6966-4508-9E70-9D446CE2A94B}.Debug|Win32.Build.0 = Debug|Win32
		{DE296068-6966-4508-9E70-9D446CE2A94B}.Debug|Win32.Deploy.0 = Debug|Win32
		{DE296068-6966-4508-9E70-9D446CE2A94B}.Debug|x64.ActiveCfg = Debug|x64
		{DE296068-6966-4508-9E70-9D446CE2A94B}.Debug|x64.Build.0 = Debug|x64
		{DE296068-6966-4508-9E70-9D446CE2A94B}.Debug|x64.Deploy.0 = Debug|x64
		{DE296068-6966-4508-9E70-9D446CE2A94B}.Release|Win32.ActiveCfg = Release|Win32
		{DE296068-6966-4508-9E70-9D446CE2A94B}.Release|Win32.Build.0 = Release|Win32
		{DE296068-6966-4508-9E70-9D446CE2A94B}.Release|Win32.Deploy.0 = Release|Win32
		{DE296068-6966-4508-9E70-9D446CE2A94B}.Release|x64.ActiveCfg = Release|x64
		{DE296068-6966-4508-9E70-9D446CE2A94B}.Release|x64.Build.0 = Release|x64
		{DE296068-6966-4508-9E70-9D446CE2A94B}.Release|x64.Deploy.0 = Release|x64
		{42AEEE1A-DCA5-4947-B644-A4023630FC38}.Debug|Win32.ActiveCfg = Debug|Win32
		{42AEEE1A-DCA5-4947-B644-A4023630FC38}.Debug|Win32.Build.0 = Debug|Win32
		{42AEEE1A-DCA5-4947-B644-A4023630FC38}.Debug|Win32.Deploy.0 = Debug|Win32
		{42AEEE1A-DCA5-4947-B644-A4023630FC38}.Debug|x64.ActiveCfg = Debug|x64
		{42AEEE1A-DCA5-4947-B644-A4023630FC38}.Debug|x64.Build.0 = Debug|x64
		{42AEEE1A-DCA5-4947-B644-A4023630FC38}.Debug|x64.Deploy.0 = Debug|x64
		{42AEEE1A-DCA5-4947-B644-A4023630FC38}.Release|Win32.ActiveCfg = Release|Win32
		{42AEEE1A-DCA5-4947-B644-A4023630FC38}.Release|Win32.Build.0 = Release|Win32
		{42AEEE1A-DCA5-4947-B644-A4023630FC38}.Release|Win32.Deploy.0 = Release|Win32
		{42AEEE1A-DCA5-4947-B644-A4023630FC38}.Release|x64.ActiveCfg = Release|x64
		{42AEEE1A-DCA5-4947-B644-A4023630FC38}.Release|x64.Build.0 = Release|x64
		{42AEEE1A-DCA5-4947-B644-A4023630FC38}.Release|x64.Deploy.0 = Release|x64
		{8CD19068-BAD2-42AF-9305-ED4C6D1575DB}.Debug|Win32.ActiveCfg = Debug|Win32
		{8CD19068-BAD2-42AF-9305-ED4C6D1575DB}.Debug|Win32.Build.0 = Debug|Win32
		{8CD19068-BAD2-42AF-9305-ED4C6D1575DB}.Debug|Win32.Deploy.0 = Debug|Win32
		{8CD19068-BAD2-42AF-9305-ED4C6D1575DB}.Debug|x64.ActiveCfg = Debug|x64
		{8CD19068-BAD2-42AF-9305-ED4C6D1575DB}.Debug|x64.Build.0 = Debug|x64
		{8CD19068-BAD2-42AF-9305-ED4C6D1575DB}.Debug|x64.Deploy.0 = Debug|x64
		{8CD19068-BAD2-42AF-9305-ED4C6D1575DB}.Release|Win32.ActiveCfg = Release|Win32
		{8CD19068-BAD2-42AF-9305-ED4C6D1575DB}.Release|Win32.Build.0 = Release|Win32
		{8CD19068-BAD2-42AF-9305-ED4C6D1575DB}.Release|Win32.Deploy.0 = Release|Win32
		{8CD19068-BAD2-42AF-9305-ED4C6D1575DB}.Release|x64.ActiveCfg = Release|x64
		{8CD19068-BAD2-42AF-9305-ED4C6D1575DB}.Release|x64.Build.0 = Release|x64
		{8CD19068-BAD2-42AF-9305-ED4C6D1575DB}.Release|x64.Deploy.0 = Release|x64
	EndGlobalSection
	GlobalSection(SolutionProperties) = preSolution
		HideSolutionNode = FALSE
	EndGlobalSection
EndGlobal
